
Microsoft Visual Studio Solution File, Format Version 12.00
# Visual Studio Version 17
VisualStudioVersion = 17.6.33829.357
MinimumVisualStudioVersion = 10.0.40219.1
Project("{FAE04EC0-301F-11D3-BF4B-00C04F79EFBC}") = "ActionToggleMode", "ActionToggleMode\ActionToggleMode.csproj", "{73ED4E33-BAC9-4B46-BD6D-6739267B1214}"
EndProject
Global
	GlobalSection(SolutionConfigurationPlatforms) = preSolution
		Debug|Any CPU = Debug|Any CPU
		Release|Any CPU = Release|Any CPU
	EndGlobalSection
	GlobalSection(ProjectConfigurationPlatforms) = postSolution
		{73ED4E33-BAC9-4B46-BD6D-6739267B1214}.Debug|Any CPU.ActiveCfg = Debug|Any CPU
		{73ED4E33-BAC9-4B46-BD6D-6739267B1214}.Debug|Any CPU.Build.0 = Debug|Any CPU
		{73ED4E33-BAC9-4B46-BD6D-6739267B1214}.Release|Any CPU.ActiveCfg = Release|Any CPU
		{73ED4E33-BAC9-4B46-BD6D-6739267B1214}.Release|Any CPU.Build.0 = Release|Any CPU
	EndGlobalSection
	GlobalSection(SolutionProperties) = preSolution
		HideSolutionNode = FALSE
	EndGlobalSection
	GlobalSection(ExtensibilityGlobals) = postSolution
		SolutionGuid = {174D757F-1CEB-4481-8E5D-1AEC33C2E4ED}
	EndGlobalSection
EndGlobal
